// !$*UTF8*$!
{
	archiveVersion = 1;
	classes = {
	};
	objectVersion = 46;
	objects = {

/* Begin PBXBuildFile section */
		F3D5705B1C1170A700FC5A19 /* main.m in Sources */ = {isa = PBXBuildFile; fileRef = F3D5705A1C1170A700FC5A19 /* main.m */; };
		F3D5705E1C1170A700FC5A19 /* AppDelegate.m in Sources */ = {isa = PBXBuildFile; fileRef = F3D5705D1C1170A700FC5A19 /* AppDelegate.m */; };
		F3D570611C1170A700FC5A19 /* ViewController.m in Sources */ = {isa = PBXBuildFile; fileRef = F3D570601C1170A700FC5A19 /* ViewController.m */; };
		F3D570641C1170A700FC5A19 /* Main.storyboard in Resources */ = {isa = PBXBuildFile; fileRef = F3D570621C1170A700FC5A19 /* Main.storyboard */; };
		F3D570661C1170A700FC5A19 /* Assets.xcassets in Resources */ = {isa = PBXBuildFile; fileRef = F3D570651C1170A700FC5A19 /* Assets.xcassets */; };
		F3D570691C1170A700FC5A19 /* LaunchScreen.storyboard in Resources */ = {isa = PBXBuildFile; fileRef = F3D570671C1170A700FC5A19 /* LaunchScreen.storyboard */; };
		F3D570741C1170A700FC5A19 /* LOL_01Tests.m in Sources */ = {isa = PBXBuildFile; fileRef = F3D570731C1170A700FC5A19 /* LOL_01Tests.m */; };
		F3D5707F1C1170A700FC5A19 /* LOL_01UITests.m in Sources */ = {isa = PBXBuildFile; fileRef = F3D5707E1C1170A700FC5A19 /* LOL_01UITests.m */; };
/* End PBXBuildFile section */

/* Begin PBXContainerItemProxy section */
		F3D570701C1170A700FC5A19 /* PBXContainerItemProxy */ = {
			isa = PBXContainerItemProxy;
			containerPortal = F3D5704E1C1170A700FC5A19 /* Project object */;
			proxyType = 1;
			remoteGlobalIDString = F3D570551C1170A700FC5A19;
			remoteInfo = "LOL－01";
		};
		F3D5707B1C1170A700FC5A19 /* PBXContainerItemProxy */ = {
			isa = PBXContainerItemProxy;
			containerPortal = F3D5704E1C1170A700FC5A19 /* Project object */;
			proxyType = 1;
			remoteGlobalIDString = F3D570551C1170A700FC5A19;
			remoteInfo = "LOL－01";
		};
/* End PBXContainerItemProxy section */

/* Begin PBXFileReference section */
		F3D570561C1170A700FC5A19 /* LOL－01.app */ = {isa = PBXFileReference; explicitFileType = wrapper.application; includeInIndex = 0; path = "LOL－01.app"; sourceTree = BUILT_PRODUCTS_DIR; };
		F3D5705A1C1170A700FC5A19 /* main.m */ = {isa = PBXFileReference; lastKnownFileType = sourcecode.c.objc; path = main.m; sourceTree = "<group>"; };
		F3D5705C1C1170A700FC5A19 /* AppDelegate.h */ = {isa = PBXFileReference; lastKnownFileType = sourcecode.c.h; path = AppDelegate.h; sourceTree = "<group>"; };
		F3D5705D1C1170A700FC5A19 /* AppDelegate.m */ = {isa = PBXFileReference; lastKnownFileType = sourcecode.c.objc; path = AppDelegate.m; sourceTree = "<group>"; };
		F3D5705F1C1170A700FC5A19 /* ViewController.h */ = {isa = PBXFileReference; lastKnownFileType = sourcecode.c.h; path = ViewController.h; sourceTree = "<group>"; };
		F3D570601C1170A700FC5A19 /* ViewController.m */ = {isa = PBXFileReference; lastKnownFileType = sourcecode.c.objc; path = ViewController.m; sourceTree = "<group>"; };
		F3D570631C1170A700FC5A19 /* Base */ = {isa = PBXFileReference; lastKnownFileType = file.storyboard; name = Base; path = Base.lproj/Main.storyboard; sourceTree = "<group>"; };
		F3D570651C1170A700FC5A19 /* Assets.xcassets */ = {isa = PBXFileReference; lastKnownFileType = folder.assetcatalog; path = Assets.xcassets; sourceTree = "<group>"; };
		F3D570681C1170A700FC5A19 /* Base */ = {isa = PBXFileReference; lastKnownFileType = file.storyboard; name = Base; path = Base.lproj/LaunchScreen.storyboard; sourceTree = "<group>"; };
		F3D5706A1C1170A700FC5A19 /* Info.plist */ = {isa = PBXFileReference; lastKnownFileType = text.plist.xml; path = Info.plist; sourceTree = "<group>"; };
		F3D5706F1C1170A700FC5A19 /* LOL－01Tests.xctest */ = {isa = PBXFileReference; explicitFileType = wrapper.cfbundle; includeInIndex = 0; path = "LOL－01Tests.xctest"; sourceTree = BUILT_PRODUCTS_DIR; };
		F3D570731C1170A700FC5A19 /* LOL_01Tests.m */ = {isa = PBXFileReference; lastKnownFileType = sourcecode.c.objc; path = LOL_01Tests.m; sourceTree = "<group>"; };
		F3D570751C1170A700FC5A19 /* Info.plist */ = {isa = PBXFileReference; lastKnownFileType = text.plist.xml; path = Info.plist; sourceTree = "<group>"; };
		F3D5707A1C1170A700FC5A19 /* LOL－01UITests.xctest */ = {isa = PBXFileReference; explicitFileType = wrapper.cfbundle; includeInIndex = 0; path = "LOL－01UITests.xctest"; sourceTree = BUILT_PRODUCTS_DIR; };
		F3D5707E1C1170A700FC5A19 /* LOL_01UITests.m */ = {isa = PBXFileReference; lastKnownFileType = sourcecode.c.objc; path = LOL_01UITests.m; sourceTree = "<group>"; };
		F3D570801C1170A800FC5A19 /* Info.plist */ = {isa = PBXFileReference; lastKnownFileType = text.plist.xml; path = Info.plist; sourceTree = "<group>"; };
/* End PBXFileReference section */

/* Begin PBXFrameworksBuildPhase section */
		F3D570531C1170A700FC5A19 /* Frameworks */ = {
			isa = PBXFrameworksBuildPhase;
			buildActionMask = 2147483647;
			files = (
			);
			runOnlyForDeploymentPostprocessing = 0;
		};
		F3D5706C1C1170A700FC5A19 /* Frameworks */ = {
			isa = PBXFrameworksBuildPhase;
			buildActionMask = 2147483647;
			files = (
			);
			runOnlyForDeploymentPostprocessing = 0;
		};
		F3D570771C1170A700FC5A19 /* Frameworks */ = {
			isa = PBXFrameworksBuildPhase;
			buildActionMask = 2147483647;
			files = (
			);
			runOnlyForDeploymentPostprocessing = 0;
		};
/* End PBXFrameworksBuildPhase section */

/* Begin PBXGroup section */
		F3D5704D1C1170A700FC5A19 = {
			isa = PBXGroup;
			children = (
				F3D570581C1170A700FC5A19 /* LOL－01 */,
				F3D570721C1170A700FC5A19 /* LOL－01Tests */,
				F3D5707D1C1170A700FC5A19 /* LOL－01UITests */,
				F3D570571C1170A700FC5A19 /* Products */,
			);
			sourceTree = "<group>";
		};
		F3D570571C1170A700FC5A19 /* Products */ = {
			isa = PBXGroup;
			children = (
				F3D570561C1170A700FC5A19 /* LOL－01.app */,
				F3D5706F1C1170A700FC5A19 /* LOL－01Tests.xctest */,
				F3D5707A1C1170A700FC5A19 /* LOL－01UITests.xctest */,
			);
			name = Products;
			sourceTree = "<group>";
		};
		F3D570581C1170A700FC5A19 /* LOL－01 */ = {
			isa = PBXGroup;
			children = (
				F3D5705C1C1170A700FC5A19 /* AppDelegate.h */,
				F3D5705D1C1170A700FC5A19 /* AppDelegate.m */,
				F3D5705F1C1170A700FC5A19 /* ViewController.h */,
				F3D570601C1170A700FC5A19 /* ViewController.m */,
				F3D570621C1170A700FC5A19 /* Main.storyboard */,
				F3D570651C1170A700FC5A19 /* Assets.xcassets */,
				F3D570671C1170A700FC5A19 /* LaunchScreen.storyboard */,
				F3D5706A1C1170A700FC5A19 /* Info.plist */,
				F3D570591C1170A700FC5A19 /* Supporting Files */,
			);
			path = "LOL－01";
			sourceTree = "<group>";
		};
		F3D570591C1170A700FC5A19 /* Supporting Files */ = {
			isa = PBXGroup;
			children = (
				F3D5705A1C1170A700FC5A19 /* main.m */,
			);
			name = "Supporting Files";
			sourceTree = "<group>";
		};
		F3D570721C1170A700FC5A19 /* LOL－01Tests */ = {
			isa = PBXGroup;
			children = (
				F3D570731C1170A700FC5A19 /* LOL_01Tests.m */,
				F3D570751C1170A700FC5A19 /* Info.plist */,
			);
			path = "LOL－01Tests";
			sourceTree = "<group>";
		};
		F3D5707D1C1170A700FC5A19 /* LOL－01UITests */ = {
			isa = PBXGroup;
			children = (
				F3D5707E1C1170A700FC5A19 /* LOL_01UITests.m */,
				F3D570801C1170A800FC5A19 /* Info.plist */,
			);
			path = "LOL－01UITests";
			sourceTree = "<group>";
		};
/* End PBXGroup section */

/* Begin PBXNativeTarget section */
		F3D570551C1170A700FC5A19 /* LOL－01 */ = {
			isa = PBXNativeTarget;
			buildConfigurationList = F3D570831C1170A800FC5A19 /* Build configuration list for PBXNativeTarget "LOL－01" */;
			buildPhases = (
				F3D570521C1170A700FC5A19 /* Sources */,
				F3D570531C1170A700FC5A19 /* Frameworks */,
				F3D570541C1170A700FC5A19 /* Resources */,
			);
			buildRules = (
			);
			dependencies = (
			);
			name = "LOL－01";
			productName = "LOL－01";
			productReference = F3D570561C1170A700FC5A19 /* LOL－01.app */;
			productType = "com.apple.product-type.application";
		};
		F3D5706E1C1170A700FC5A19 /* LOL－01Tests */ = {
			isa = PBXNativeTarget;
			buildConfigurationList = F3D570861C1170A800FC5A19 /* Build configuration list for PBXNativeTarget "LOL－01Tests" */;
			buildPhases = (
				F3D5706B1C1170A700FC5A19 /* Sources */,
				F3D5706C1C1170A700FC5A19 /* Frameworks */,
				F3D5706D1C1170A700FC5A19 /* Resources */,
			);
			buildRules = (
			);
			dependencies = (
				F3D570711C1170A700FC5A19 /* PBXTargetDependency */,
			);
			name = "LOL－01Tests";
			productName = "LOL－01Tests";
			productReference = F3D5706F1C1170A700FC5A19 /* LOL－01Tests.xctest */;
			productType = "com.apple.product-type.bundle.unit-test";
		};
		F3D570791C1170A700FC5A19 /* LOL－01UITests */ = {
			isa = PBXNativeTarget;
			buildConfigurationList = F3D570891C1170A800FC5A19 /* Build configuration list for PBXNativeTarget "LOL－01UITests" */;
			buildPhases = (
				F3D570761C1170A700FC5A19 /* Sources */,
				F3D570771C1170A700FC5A19 /* Frameworks */,
				F3D570781C1170A700FC5A19 /* Resources */,
			);
			buildRules = (
			);
			dependencies = (
				F3D5707C1C1170A700FC5A19 /* PBXTargetDependency */,
			);
			name = "LOL－01UITests";
			productName = "LOL－01UITests";
			productReference = F3D5707A1C1170A700FC5A19 /* LOL－01UITests.xctest */;
			productType = "com.apple.product-type.bundle.ui-testing";
		};
/* End PBXNativeTarget section */

/* Begin PBXProject section */
		F3D5704E1C1170A700FC5A19 /* Project object */ = {
			isa = PBXProject;
			attributes = {
				LastUpgradeCheck = 0710;
				ORGANIZATIONNAME = Joker;
				TargetAttributes = {
					F3D570551C1170A700FC5A19 = {
						CreatedOnToolsVersion = 7.1.1;
					};
					F3D5706E1C1170A700FC5A19 = {
						CreatedOnToolsVersion = 7.1.1;
						TestTargetID = F3D570551C1170A700FC5A19;
					};
					F3D570791C1170A700FC5A19 = {
						CreatedOnToolsVersion = 7.1.1;
						TestTargetID = F3D570551C1170A700FC5A19;
					};
				};
			};
			buildConfigurationList = F3D570511C1170A700FC5A19 /* Build configuration list for PBXProject "LOL－01" */;
			compatibilityVersion = "Xcode 3.2";
			developmentRegion = English;
			hasScannedForEncodings = 0;
			knownRegions = (
				en,
				Base,
			);
			mainGroup = F3D5704D1C1170A700FC5A19;
			productRefGroup = F3D570571C1170A700FC5A19 /* Products */;
			projectDirPath = "";
			projectRoot = "";
			targets = (
				F3D570551C1170A700FC5A19 /* LOL－01 */,
				F3D5706E1C1170A700FC5A19 /* LOL－01Tests */,
				F3D570791C1170A700FC5A19 /* LOL－01UITests */,
			);
		};
/* End PBXProject section */

/* Begin PBXResourcesBuildPhase section */
		F3D570541C1170A700FC5A19 /* Resources */ = {
			isa = PBXResourcesBuildPhase;
			buildActionMask = 2147483647;
			files = (
				F3D570691C1170A700FC5A19 /* LaunchScreen.storyboard in Resources */,
				F3D570661C1170A700FC5A19 /* Assets.xcassets in Resources */,
				F3D570641C1170A700FC5A19 /* Main.storyboard in Resources */,
			);
			runOnlyForDeploymentPostprocessing = 0;
		};
		F3D5706D1C1170A700FC5A19 /* Resources */ = {
			isa = PBXResourcesBuildPhase;
			buildActionMask = 2147483647;
			files = (
			);
			runOnlyForDeploymentPostprocessing = 0;
		};
		F3D570781C1170A700FC5A19 /* Resources */ = {
			isa = PBXResourcesBuildPhase;
			buildActionMask = 2147483647;
			files = (
			);
			runOnlyForDeploymentPostprocessing = 0;
		};
/* End PBXResourcesBuildPhase section */

/* Begin PBXSourcesBuildPhase section */
		F3D570521C1170A700FC5A19 /* Sources */ = {
			isa = PBXSourcesBuildPhase;
			buildActionMask = 2147483647;
			files = (
				F3D570611C1170A700FC5A19 /* ViewController.m in Sources */,
				F3D5705E1C1170A700FC5A19 /* AppDelegate.m in Sources */,
				F3D5705B1C1170A700FC5A19 /* main.m in Sources */,
			);
			runOnlyForDeploymentPostprocessing = 0;
		};
		F3D5706B1C1170A700FC5A19 /* Sources */ = {
			isa = PBXSourcesBuildPhase;
			buildActionMask = 2147483647;
			files = (
				F3D570741C1170A700FC5A19 /* LOL_01Tests.m in Sources */,
			);
			runOnlyForDeploymentPostprocessing = 0;
		};
		F3D570761C1170A700FC5A19 /* Sources */ = {
			isa = PBXSourcesBuildPhase;
			buildActionMask = 2147483647;
			files = (
				F3D5707F1C1170A700FC5A19 /* LOL_01UITests.m in Sources */,
			);
			runOnlyForDeploymentPostprocessing = 0;
		};
/* End PBXSourcesBuildPhase section */

/* Begin PBXTargetDependency section */
		F3D570711C1170A700FC5A19 /* PBXTargetDependency */ = {
			isa = PBXTargetDependency;
			target = F3D570551C1170A700FC5A19 /* LOL－01 */;
			targetProxy = F3D570701C1170A700FC5A19 /* PBXContainerItemProxy */;
		};
		F3D5707C1C1170A700FC5A19 /* PBXTargetDependency */ = {
			isa = PBXTargetDependency;
			target = F3D570551C1170A700FC5A19 /* LOL－01 */;
			targetProxy = F3D5707B1C1170A700FC5A19 /* PBXContainerItemProxy */;
		};
/* End PBXTargetDependency section */

/* Begin PBXVariantGroup section */
		F3D570621C1170A700FC5A19 /* Main.storyboard */ = {
			isa = PBXVariantGroup;
			children = (
				F3D570631C1170A700FC5A19 /* Base */,
			);
			name = Main.storyboard;
			sourceTree = "<group>";
		};
		F3D570671C1170A700FC5A19 /* LaunchScreen.storyboard */ = {
			isa = PBXVariantGroup;
			children = (
				F3D570681C1170A700FC5A19 /* Base */,
			);
			name = LaunchScreen.storyboard;
			sourceTree = "<group>";
		};
/* End PBXVariantGroup section */

/* Begin XCBuildConfiguration section */
		F3D570811C1170A800FC5A19 /* Debug */ = {
			isa = XCBuildConfiguration;
			buildSettings = {
				ALWAYS_SEARCH_USER_PATHS = NO;
				CLANG_CXX_LANGUAGE_STANDARD = "gnu++0x";
				CLANG_CXX_LIBRARY = "libc++";
				CLANG_ENABLE_MODULES = YES;
				CLANG_ENABLE_OBJC_ARC = YES;
				CLANG_WARN_BOOL_CONVERSION = YES;
				CLANG_WARN_CONSTANT_CONVERSION = YES;
				CLANG_WARN_DIRECT_OBJC_ISA_USAGE = YES_ERROR;
				CLANG_WARN_EMPTY_BODY = YES;
				CLANG_WARN_ENUM_CONVERSION = YES;
				CLANG_WARN_INT_CONVERSION = YES;
				CLANG_WARN_OBJC_ROOT_CLASS = YES_ERROR;
				CLANG_WARN_UNREACHABLE_CODE = YES;
				CLANG_WARN__DUPLICATE_METHOD_MATCH = YES;
				"CODE_SIGN_IDENTITY[sdk=iphoneos*]" = "iPhone Developer";
				COPY_PHASE_STRIP = NO;
				DEBUG_INFORMATION_FORMAT = dwarf;
				ENABLE_STRICT_OBJC_MSGSEND = YES;
				ENABLE_TESTABILITY = YES;
				GCC_C_LANGUAGE_STANDARD = gnu99;
				GCC_DYNAMIC_NO_PIC = NO;
				GCC_NO_COMMON_BLOCKS = YES;
				GCC_OPTIMIZATION_LEVEL = 0;
				GCC_PREPROCESSOR_DEFINITIONS = (
					"DEBUG=1",
					"$(inherited)",
				);
				GCC_WARN_64_TO_32_BIT_CONVERSION = YES;
				GCC_WARN_ABOUT_RETURN_TYPE = YES_ERROR;
				GCC_WARN_UNDECLARED_SELECTOR = YES;
				GCC_WARN_UNINITIALIZED_AUTOS = YES_AGGRESSIVE;
				GCC_WARN_UNUSED_FUNCTION = YES;
				GCC_WARN_UNUSED_VARIABLE = YES;
				IPHONEOS_DEPLOYMENT_TARGET = 9.1;
				MTL_ENABLE_DEBUG_INFO = YES;
				ONLY_ACTIVE_ARCH = YES;
				SDKROOT = iphoneos;
				TARGETED_DEVICE_FAMILY = "1,2";
			};
			name = Debug;
		};
		F3D570821C1170A800FC5A19 /* Release */ = {
			isa = XCBuildConfiguration;
			buildSettings = {
				ALWAYS_SEARCH_USER_PATHS = NO;
				CLANG_CXX_LANGUAGE_STANDARD = "gnu++0x";
				CLANG_CXX_LIBRARY = "libc++";
				CLANG_ENABLE_MODULES = YES;
				CLANG_ENABLE_OBJC_ARC = YES;
				CLANG_WARN_BOOL_CONVERSION = YES;
				CLANG_WARN_CONSTANT_CONVERSION = YES;
				CLANG_WARN_DIRECT_OBJC_ISA_USAGE = YES_ERROR;
				CLANG_WARN_EMPTY_BODY = YES;
				CLANG_WARN_ENUM_CONVERSION = YES;
				CLANG_WARN_INT_CONVERSION = YES;
				CLANG_WARN_OBJC_ROOT_CLASS = YES_ERROR;
				CLANG_WARN_UNREACHABLE_CODE = YES;
				CLANG_WARN__DUPLICATE_METHOD_MATCH = YES;
				"CODE_SIGN_IDENTITY[sdk=iphoneos*]" = "iPhone Developer";
				COPY_PHASE_STRIP = NO;
				DEBUG_INFORMATION_FORMAT = "dwarf-with-dsym";
				ENABLE_NS_ASSERTIONS = NO;
				ENABLE_STRICT_OBJC_MSGSEND = YES;
				GCC_C_LANGUAGE_STANDARD = gnu99;
				GCC_NO_COMMON_BLOCKS = YES;
				GCC_WARN_64_TO_32_BIT_CONVERSION = YES;
				GCC_WARN_ABOUT_RETURN_TYPE = YES_ERROR;
				GCC_WARN_UNDECLARED_SELECTOR = YES;
				GCC_WARN_UNINITIALIZED_AUTOS = YES_AGGRESSIVE;
				GCC_WARN_UNUSED_FUNCTION = YES;
				GCC_WARN_UNUSED_VARIABLE = YES;
				IPHONEOS_DEPLOYMENT_TARGET = 9.1;
				MTL_ENABLE_DEBUG_INFO = NO;
				SDKROOT = iphoneos;
				TARGETED_DEVICE_FAMILY = "1,2";
				VALIDATE_PRODUCT = YES;
			};
			name = Release;
		};
		F3D570841C1170A800FC5A19 /* Debug */ = {
			isa = XCBuildConfiguration;
			buildSettings = {
				ASSETCATALOG_COMPILER_APPICON_NAME = AppIcon;
				INFOPLIST_FILE = "LOL－01/Info.plist";
				LD_RUNPATH_SEARCH_PATHS = "$(inherited) @executable_path/Frameworks";
				PRODUCT_BUNDLE_IDENTIFIER = "com.sing.LOL-01";
				PRODUCT_NAME = "$(TARGET_NAME)";
			};
			name = Debug;
		};
		F3D570851C1170A800FC5A19 /* Release */ = {
			isa = XCBuildConfiguration;
			buildSettings = {
				ASSETCATALOG_COMPILER_APPICON_NAME = AppIcon;
				INFOPLIST_FILE = "LOL－01/Info.plist";
				LD_RUNPATH_SEARCH_PATHS = "$(inherited) @executable_path/Frameworks";
				PRODUCT_BUNDLE_IDENTIFIER = "com.sing.LOL-01";
				PRODUCT_NAME = "$(TARGET_NAME)";
			};
			name = Release;
		};
		F3D570871C1170A800FC5A19 /* Debug */ = {
			isa = XCBuildConfiguration;
			buildSettings = {
				BUNDLE_LOADER = "$(TEST_HOST)";
				INFOPLIST_FILE = "LOL－01Tests/Info.plist";
				LD_RUNPATH_SEARCH_PATHS = "$(inherited) @executable_path/Frameworks @loader_path/Frameworks";
				PRODUCT_BUNDLE_IDENTIFIER = "com.sing.LOL-01Tests";
				PRODUCT_NAME = "$(TARGET_NAME)";
				TEST_HOST = "$(BUILT_PRODUCTS_DIR)/LOL－01.app/LOL－01";
			};
			name = Debug;
		};
		F3D570881C1170A800FC5A19 /* Release */ = {
			isa = XCBuildConfiguration;
			buildSettings = {
				BUNDLE_LOADER = "$(TEST_HOST)";
				INFOPLIST_FILE = "LOL－01Tests/Info.plist";
				LD_RUNPATH_SEARCH_PATHS = "$(inherited) @executable_path/Frameworks @loader_path/Frameworks";
				PRODUCT_BUNDLE_IDENTIFIER = "com.sing.LOL-01Tests";
				PRODUCT_NAME = "$(TARGET_NAME)";
				TEST_HOST = "$(BUILT_PRODUCTS_DIR)/LOL－01.app/LOL－01";
			};
			name = Release;
		};
		F3D5708A1C1170A800FC5A19 /* Debug */ = {
			isa = XCBuildConfiguration;
			buildSettings = {
				INFOPLIST_FILE = "LOL－01UITests/Info.plist";
				LD_RUNPATH_SEARCH_PATHS = "$(inherited) @executable_path/Frameworks @loader_path/Frameworks";
				PRODUCT_BUNDLE_IDENTIFIER = "com.sing.LOL-01UITests";
				PRODUCT_NAME = "$(TARGET_NAME)";
				TEST_TARGET_NAME = "LOL－01";
				USES_XCTRUNNER = YES;
			};
			name = Debug;
		};
		F3D5708B1C1170A800FC5A19 /* Release */ = {
			isa = XCBuildConfiguration;
			buildSettings = {
				INFOPLIST_FILE = "LOL－01UITests/Info.plist";
				LD_RUNPATH_SEARCH_PATHS = "$(inherited) @executable_path/Frameworks @loader_path/Frameworks";
				PRODUCT_BUNDLE_IDENTIFIER = "com.sing.LOL-01UITests";
				PRODUCT_NAME = "$(TARGET_NAME)";
				TEST_TARGET_NAME = "LOL－01";
				USES_XCTRUNNER = YES;
			};
			name = Release;
		};
/* End XCBuildConfiguration section */

/* Begin XCConfigurationList section */
		F3D570511C1170A700FC5A19 /* Build configuration list for PBXProject "LOL－01" */ = {
			isa = XCConfigurationList;
			buildConfigurations = (
				F3D570811C1170A800FC5A19 /* Debug */,
				F3D570821C1170A800FC5A19 /* Release */,
			);
			defaultConfigurationIsVisible = 0;
			defaultConfigurationName = Release;
		};
		F3D570831C1170A800FC5A19 /* Build configuration list for PBXNativeTarget "LOL－01" */ = {
			isa = XCConfigurationList;
			buildConfigurations = (
				F3D570841C1170A800FC5A19 /* Debug */,
				F3D570851C1170A800FC5A19 /* Release */,
			);
			defaultConfigurationIsVisible = 0;
		};
		F3D570861C1170A800FC5A19 /* Build configuration list for PBXNativeTarget "LOL－01Tests" */ = {
			isa = XCConfigurationList;
			buildConfigurations = (
				F3D570871C1170A800FC5A19 /* Debug */,
				F3D570881C1170A800FC5A19 /* Release */,
			);
			defaultConfigurationIsVisible = 0;
		};
		F3D570891C1170A800FC5A19 /* Build configuration list for PBXNativeTarget "LOL－01UITests" */ = {
			isa = XCConfigurationList;
			buildConfigurations = (
				F3D5708A1C1170A800FC5A19 /* Debug */,
				F3D5708B1C1170A800FC5A19 /* Release */,
			);
			defaultConfigurationIsVisible = 0;
		};
/* End XCConfigurationList section */
	};
	rootObject = F3D5704E1C1170A700FC5A19 /* Project object */;
}
